
Microsoft Visual Studio Solution File, Format Version 12.00
# Visual Studio Version 17
VisualStudioVersion = 17.1.32414.318
MinimumVisualStudioVersion = 10.0.40219.1
Project("{2150E333-8FDC-42A3-9474-1A3956D46DE8}") = "src", "src", "{D25CEE3A-1DEC-44E2-B4D9-C2AAFBBB8147}"
EndProject
Project("{2150E333-8FDC-42A3-9474-1A3956D46DE8}") = "tests", "tests", "{FBF9A0F1-24BF-47DD-BE7B-E9281DA87DCB}"
EndProject
Project("{9A19103F-16F7-4668-BE54-9A1E7A4F7556}") = "SuperMarket.Entities", "SuperMarket.Entities\SuperMarket.Entities.csproj", "{97E83C27-7F80-4510-9BE8-9A7AFC6B1532}"
EndProject
Project("{9A19103F-16F7-4668-BE54-9A1E7A4F7556}") = "SuperMarket.Migrations", "SuperMarket.Migrations\SuperMarket.Migrations.csproj", "{BC2E4FCD-19B9-4F3F-9A5F-F2E093B33402}"
EndProject
Project("{9A19103F-16F7-4668-BE54-9A1E7A4F7556}") = "SuperMarket.Infrastructure", "SuperMarket.Infrastructure\SuperMarket.Infrastructure.csproj", "{A38A6055-B787-4B62-8280-2B94C5E5DBC7}"
EndProject
Project("{9A19103F-16F7-4668-BE54-9A1E7A4F7556}") = "SuperMarket.Persistance.EF", "SuperMarket.Persistance.EF\SuperMarket.Persistance.EF.csproj", "{9A97CEC6-B993-4E7B-BA49-11316328BD74}"
EndProject
Project("{9A19103F-16F7-4668-BE54-9A1E7A4F7556}") = "SuperMarket.RestAPI", "SuperMarket.RestAPI\SuperMarket.RestAPI.csproj", "{D1EEF04E-9783-4278-A35E-15C224B91E62}"
EndProject
Project("{9A19103F-16F7-4668-BE54-9A1E7A4F7556}") = "SuperMarket.Specs", "SuperMarket.Specs\SuperMarket.Specs.csproj", "{F1BD9A9A-EF04-42B1-BEE1-86AB144A0261}"
EndProject
Project("{FAE04EC0-301F-11D3-BF4B-00C04F79EFBC}") = "SuperMarket.Services", "SuperMarket.Services\SuperMarket.Services.csproj", "{13BCFC80-1E69-4621-B62D-08A2D2B012B4}"
EndProject
Global
	GlobalSection(SolutionConfigurationPlatforms) = preSolution
		Debug|Any CPU = Debug|Any CPU
		Release|Any CPU = Release|Any CPU
	EndGlobalSection
	GlobalSection(ProjectConfigurationPlatforms) = postSolution
		{97E83C27-7F80-4510-9BE8-9A7AFC6B1532}.Debug|Any CPU.ActiveCfg = Debug|Any CPU
		{97E83C27-7F80-4510-9BE8-9A7AFC6B1532}.Debug|Any CPU.Build.0 = Debug|Any CPU
		{97E83C27-7F80-4510-9BE8-9A7AFC6B1532}.Release|Any CPU.ActiveCfg = Release|Any CPU
		{97E83C27-7F80-4510-9BE8-9A7AFC6B1532}.Release|Any CPU.Build.0 = Release|Any CPU
		{BC2E4FCD-19B9-4F3F-9A5F-F2E093B33402}.Debug|Any CPU.ActiveCfg = Debug|Any CPU
		{BC2E4FCD-19B9-4F3F-9A5F-F2E093B33402}.Debug|Any CPU.Build.0 = Debug|Any CPU
		{BC2E4FCD-19B9-4F3F-9A5F-F2E093B33402}.Release|Any CPU.ActiveCfg = Release|Any CPU
		{BC2E4FCD-19B9-4F3F-9A5F-F2E093B33402}.Release|Any CPU.Build.0 = Release|Any CPU
		{A38A6055-B787-4B62-8280-2B94C5E5DBC7}.Debug|Any CPU.ActiveCfg = Debug|Any CPU
		{A38A6055-B787-4B62-8280-2B94C5E5DBC7}.Debug|Any CPU.Build.0 = Debug|Any CPU
		{A38A6055-B787-4B62-8280-2B94C5E5DBC7}.Release|Any CPU.ActiveCfg = Release|Any CPU
		{A38A6055-B787-4B62-8280-2B94C5E5DBC7}.Release|Any CPU.Build.0 = Release|Any CPU
		{9A97CEC6-B993-4E7B-BA49-11316328BD74}.Debug|Any CPU.ActiveCfg = Debug|Any CPU
		{9A97CEC6-B993-4E7B-BA49-11316328BD74}.Debug|Any CPU.Build.0 = Debug|Any CPU
		{9A97CEC6-B993-4E7B-BA49-11316328BD74}.Release|Any CPU.ActiveCfg = Release|Any CPU
		{9A97CEC6-B993-4E7B-BA49-11316328BD74}.Release|Any CPU.Build.0 = Release|Any CPU
		{D1EEF04E-9783-4278-A35E-15C224B91E62}.Debug|Any CPU.ActiveCfg = Debug|Any CPU
		{D1EEF04E-9783-4278-A35E-15C224B91E62}.Debug|Any CPU.Build.0 = Debug|Any CPU
		{D1EEF04E-9783-4278-A35E-15C224B91E62}.Release|Any CPU.ActiveCfg = Release|Any CPU
		{D1EEF04E-9783-4278-A35E-15C224B91E62}.Release|Any CPU.Build.0 = Release|Any CPU
		{F1BD9A9A-EF04-42B1-BEE1-86AB144A0261}.Debug|Any CPU.ActiveCfg = Debug|Any CPU
		{F1BD9A9A-EF04-42B1-BEE1-86AB144A0261}.Debug|Any CPU.Build.0 = Debug|Any CPU
		{F1BD9A9A-EF04-42B1-BEE1-86AB144A0261}.Release|Any CPU.ActiveCfg = Release|Any CPU
		{F1BD9A9A-EF04-42B1-BEE1-86AB144A0261}.Release|Any CPU.Build.0 = Release|Any CPU
		{13BCFC80-1E69-4621-B62D-08A2D2B012B4}.Debug|Any CPU.ActiveCfg = Debug|Any CPU
		{13BCFC80-1E69-4621-B62D-08A2D2B012B4}.Debug|Any CPU.Build.0 = Debug|Any CPU
		{13BCFC80-1E69-4621-B62D-08A2D2B012B4}.Release|Any CPU.ActiveCfg = Release|Any CPU
		{13BCFC80-1E69-4621-B62D-08A2D2B012B4}.Release|Any CPU.Build.0 = Release|Any CPU
	EndGlobalSection
	GlobalSection(SolutionProperties) = preSolution
		HideSolutionNode = FALSE
	EndGlobalSection
	GlobalSection(NestedProjects) = preSolution
		{97E83C27-7F80-4510-9BE8-9A7AFC6B1532} = {D25CEE3A-1DEC-44E2-B4D9-C2AAFBBB8147}
		{BC2E4FCD-19B9-4F3F-9A5F-F2E093B33402} = {D25CEE3A-1DEC-44E2-B4D9-C2AAFBBB8147}
		{A38A6055-B787-4B62-8280-2B94C5E5DBC7} = {D25CEE3A-1DEC-44E2-B4D9-C2AAFBBB8147}
		{9A97CEC6-B993-4E7B-BA49-11316328BD74} = {D25CEE3A-1DEC-44E2-B4D9-C2AAFBBB8147}
		{D1EEF04E-9783-4278-A35E-15C224B91E62} = {D25CEE3A-1DEC-44E2-B4D9-C2AAFBBB8147}
		{F1BD9A9A-EF04-42B1-BEE1-86AB144A0261} = {FBF9A0F1-24BF-47DD-BE7B-E9281DA87DCB}
		{13BCFC80-1E69-4621-B62D-08A2D2B012B4} = {D25CEE3A-1DEC-44E2-B4D9-C2AAFBBB8147}
	EndGlobalSection
	GlobalSection(ExtensibilityGlobals) = postSolution
		SolutionGuid = {BA9AA6EF-0F3B-4F85-BAA3-F1DCB235B01A}
	EndGlobalSection
EndGlobal
